
Microsoft Visual Studio Solution File, Format Version 12.00
# Visual Studio 15
VisualStudioVersion = 15.0.27703.2047
MinimumVisualStudioVersion = 10.0.40219.1
Project("{FAE04EC0-301F-11D3-BF4B-00C04F79EFBC}") = "Blog", "Blog\Blog.csproj", "{7C0910CA-DDD6-4E21-BA0E-63FD9C5E48ED}"
EndProject
Project("{FAE04EC0-301F-11D3-BF4B-00C04F79EFBC}") = "Blog.Core", "Blog.Core\Blog.Core.csproj", "{B77DB9FA-AAB9-4CA9-A2F2-F533EF319FDD}"
EndProject
Project("{FAE04EC0-301F-11D3-BF4B-00C04F79EFBC}") = "Blog.Common", "Blog.Common\Blog.Common.csproj", "{D012CEA8-3A7E-4DCC-BD68-74C82303543A}"
EndProject
Global
	GlobalSection(SolutionConfigurationPlatforms) = preSolution
		Debug|Any CPU = Debug|Any CPU
		Release|Any CPU = Release|Any CPU
	EndGlobalSection
	GlobalSection(ProjectConfigurationPlatforms) = postSolution
		{7C0910CA-DDD6-4E21-BA0E-63FD9C5E48ED}.Debug|Any CPU.ActiveCfg = Debug|Any CPU
		{7C0910CA-DDD6-4E21-BA0E-63FD9C5E48ED}.Debug|Any CPU.Build.0 = Debug|Any CPU
		{7C0910CA-DDD6-4E21-BA0E-63FD9C5E48ED}.Release|Any CPU.ActiveCfg = Release|Any CPU
		{7C0910CA-DDD6-4E21-BA0E-63FD9C5E48ED}.Release|Any CPU.Build.0 = Release|Any CPU
		{B77DB9FA-AAB9-4CA9-A2F2-F533EF319FDD}.Debug|Any CPU.ActiveCfg = Debug|Any CPU
		{B77DB9FA-AAB9-4CA9-A2F2-F533EF319FDD}.Debug|Any CPU.Build.0 = Debug|Any CPU
		{B77DB9FA-AAB9-4CA9-A2F2-F533EF319FDD}.Release|Any CPU.ActiveCfg = Release|Any CPU
		{B77DB9FA-AAB9-4CA9-A2F2-F533EF319FDD}.Release|Any CPU.Build.0 = Release|Any CPU
		{D012CEA8-3A7E-4DCC-BD68-74C82303543A}.Debug|Any CPU.ActiveCfg = Debug|Any CPU
		{D012CEA8-3A7E-4DCC-BD68-74C82303543A}.Debug|Any CPU.Build.0 = Debug|Any CPU
		{D012CEA8-3A7E-4DCC-BD68-74C82303543A}.Release|Any CPU.ActiveCfg = Release|Any CPU
		{D012CEA8-3A7E-4DCC-BD68-74C82303543A}.Release|Any CPU.Build.0 = Release|Any CPU
	EndGlobalSection
	GlobalSection(SolutionProperties) = preSolution
		HideSolutionNode = FALSE
	EndGlobalSection
	GlobalSection(ExtensibilityGlobals) = postSolution
		SolutionGuid = {65DC40C0-72B7-49B8-9A70-4C91B7ABC10D}
	EndGlobalSection
EndGlobal
